# THIS IS AN AUTOGENERATED FILE. DO NOT EDIT THIS FILE DIRECTLY.
# yarn lockfile v1


three@^0.106.2:
  version "0.106.2"
  resolved "https://registry.yarnpkg.com/three/-/three-0.106.2.tgz#6752d304c470e4df230944ecd45325e7bf79e1f8"
  integrity sha512-4Tlx43uoxnIaZFW2Bzkd1rXsatvVHEWAZJy8LuE+s6Q8c66ogNnhfq1bHiBKPAnXP230LD11H/ScIZc2LZMviA==
